
Microsoft Visual Studio Solution File, Format Version 12.00
# Visual Studio Version 17
VisualStudioVersion = 17.14.36811.4 d17.14
MinimumVisualStudioVersion = 10.0.40219.1
Project("{FAE04EC0-301F-11D3-BF4B-00C04F79EFBC}") = "TopekaMustangClubInc", "TopekaMustangClubInc.csproj", "{77FFA98E-56A0-4A40-A8C4-7E6B10AE0221}"
EndProject
Global
	GlobalSection(SolutionConfigurationPlatforms) = preSolution
		Debug|Any CPU = Debug|Any CPU
		Release|Any CPU = Release|Any CPU
	EndGlobalSection
	GlobalSection(ProjectConfigurationPlatforms) = postSolution
		{77FFA98E-56A0-4A40-A8C4-7E6B10AE0221}.Debug|Any CPU.ActiveCfg = Debug|Any CPU
		{77FFA98E-56A0-4A40-A8C4-7E6B10AE0221}.Debug|Any CPU.Build.0 = Debug|Any CPU
		{77FFA98E-56A0-4A40-A8C4-7E6B10AE0221}.Release|Any CPU.ActiveCfg = Release|Any CPU
		{77FFA98E-56A0-4A40-A8C4-7E6B10AE0221}.Release|Any CPU.Build.0 = Release|Any CPU
	EndGlobalSection
	GlobalSection(SolutionProperties) = preSolution
		HideSolutionNode = FALSE
	EndGlobalSection
	GlobalSection(ExtensibilityGlobals) = postSolution
		SolutionGuid = {36BF558B-14A4-4929-913F-4953C9170221}
	EndGlobalSection
EndGlobal
